{
    "_meta": {
        "hash": {
            "sha256": "0b154684bff5294ead5f80da9a41fd5c0fa7e988e6cf7b3f7ee2307e543500eb"
        },
        "pipfile-spec": 6,
        "requires": {
            "python_full_version": "3.11.4",
            "python_version": "3.11"
        },
        "sources": [
            {
                "name": "pypi",
                "url": "https://pypi.org/simple",
                "verify_ssl": true
            },
            {
                "name": "pypi-775",
                "url": "https://pypi.org/simple/",
                "verify_ssl": true
            }
        ]
    },
    "default": {
        "altgraph": {
            "hashes": [
                "sha256:1b5afbb98f6c4dcadb2e2ae6ab9fa994bbb8c1d75f4fa96d340f9437ae454406",
                "sha256:642743b4750de17e655e6711601b077bc6598dbfa3ba5fa2b2a35ce12b508dff"
            ],
            "version": "==0.17.4"
        },
        "certifi": {
            "hashes": [
                "sha256:9b469f3a900bf28dc19b8cfbf8019bf47f7fdd1a65a1d4ffb98fc14166beb4d1",
                "sha256:e036ab49d5b79556f99cfc2d9320b34cfbe5be05c5871b51de9329f0603b0474"
            ],
            "markers": "python_version >= '3.6'",
            "version": "==2023.11.17"
        },
        "charset-normalizer": {
            "hashes": [
                "sha256:06435b539f889b1f6f4ac1758871aae42dc3a8c0e24ac9e60c2384973ad73027",
                "sha256:06a81e93cd441c56a9b65d8e1d043daeb97a3d0856d177d5c90ba85acb3db087",
                "sha256:0a55554a2fa0d408816b3b5cedf0045f4b8e1a6065aec45849de2d6f3f8e9786",
                "sha256:0b2b64d2bb6d3fb9112bafa732def486049e63de9618b5843bcdd081d8144cd8",
                "sha256:10955842570876604d404661fbccbc9c7e684caf432c09c715ec38fbae45ae09",
                "sha256:122c7fa62b130ed55f8f285bfd56d5f4b4a5b503609d181f9ad85e55c89f4185",
                "sha256:1ceae2f17a9c33cb48e3263960dc5fc8005351ee19db217e9b1bb15d28c02574",
                "sha256:1d3193f4a680c64b4b6a9115943538edb896edc190f0b222e73761716519268e",
                "sha256:1f79682fbe303db92bc2b1136016a38a42e835d932bab5b3b1bfcfbf0640e519",
                "sha256:2127566c664442652f024c837091890cb1942c30937add288223dc895793f898",
                "sha256:22afcb9f253dac0696b5a4be4a1c0f8762f8239e21b99680099abd9b2b1b2269",
                "sha256:25baf083bf6f6b341f4121c2f3c548875ee6f5339300e08be3f2b2ba1721cdd3",
                "sha256:2e81c7b9c8979ce92ed306c249d46894776a909505d8f5a4ba55b14206e3222f",
                "sha256:3287761bc4ee9e33561a7e058c72ac0938c4f57fe49a09eae428fd88aafe7bb6",
                "sha256:34d1c8da1e78d2e001f363791c98a272bb734000fcef47a491c1e3b0505657a8",
                "sha256:37e55c8e51c236f95b033f6fb391d7d7970ba5fe7ff453dad675e88cf303377a",
                "sha256:3d47fa203a7bd9c5b6cee4736ee84ca03b8ef23193c0d1ca99b5089f72645c73",
                "sha256:3e4d1f6587322d2788836a99c69062fbb091331ec940e02d12d179c1d53e25fc",
                "sha256:42cb296636fcc8b0644486d15c12376cb9fa75443e00fb25de0b8602e64c1714",
                "sha256:45485e01ff4d3630ec0d9617310448a8702f70e9c01906b0d0118bdf9d124cf2",
                "sha256:4a78b2b446bd7c934f5dcedc588903fb2f5eec172f3d29e52a9096a43722adfc",
                "sha256:4ab2fe47fae9e0f9dee8c04187ce5d09f48eabe611be8259444906793ab7cbce",
                "sha256:4d0d1650369165a14e14e1e47b372cfcb31d6ab44e6e33cb2d4e57265290044d",
                "sha256:549a3a73da901d5bc3ce8d24e0600d1fa85524c10287f6004fbab87672bf3e1e",
                "sha256:55086ee1064215781fff39a1af09518bc9255b50d6333f2e4c74ca09fac6a8f6",
                "sha256:572c3763a264ba47b3cf708a44ce965d98555f618ca42c926a9c1616d8f34269",
                "sha256:573f6eac48f4769d667c4442081b1794f52919e7edada77495aaed9236d13a96",
                "sha256:5b4c145409bef602a690e7cfad0a15a55c13320ff7a3ad7ca59c13bb8ba4d45d",
                "sha256:6463effa3186ea09411d50efc7d85360b38d5f09b870c48e4600f63af490e56a",
                "sha256:65f6f63034100ead094b8744b3b97965785388f308a64cf8d7c34f2f2e5be0c4",
                "sha256:663946639d296df6a2bb2aa51b60a2454ca1cb29835324c640dafb5ff2131a77",
                "sha256:6897af51655e3691ff853668779c7bad41579facacf5fd7253b0133308cf000d",
                "sha256:68d1f8a9e9e37c1223b656399be5d6b448dea850bed7d0f87a8311f1ff3dabb0",
                "sha256:6ac7ffc7ad6d040517be39eb591cac5ff87416c2537df6ba3cba3bae290c0fed",
                "sha256:6b3251890fff30ee142c44144871185dbe13b11bab478a88887a639655be1068",
                "sha256:6c4caeef8fa63d06bd437cd4bdcf3ffefe6738fb1b25951440d80dc7df8c03ac",
                "sha256:6ef1d82a3af9d3eecdba2321dc1b3c238245d890843e040e41e470ffa64c3e25",
                "sha256:753f10e867343b4511128c6ed8c82f7bec3bd026875576dfd88483c5c73b2fd8",
                "sha256:7cd13a2e3ddeed6913a65e66e94b51d80a041145a026c27e6bb76c31a853c6ab",
                "sha256:7ed9e526742851e8d5cc9e6cf41427dfc6068d4f5a3bb03659444b4cabf6bc26",
                "sha256:7f04c839ed0b6b98b1a7501a002144b76c18fb1c1850c8b98d458ac269e26ed2",
                "sha256:802fe99cca7457642125a8a88a084cef28ff0cf9407060f7b93dca5aa25480db",
                "sha256:80402cd6ee291dcb72644d6eac93785fe2c8b9cb30893c1af5b8fdd753b9d40f",
                "sha256:8465322196c8b4d7ab6d1e049e4c5cb460d0394da4a27d23cc242fbf0034b6b5",
                "sha256:86216b5cee4b06df986d214f664305142d9c76df9b6512be2738aa72a2048f99",
                "sha256:87d1351268731db79e0f8e745d92493ee2841c974128ef629dc518b937d9194c",
                "sha256:8bdb58ff7ba23002a4c5808d608e4e6c687175724f54a5dade5fa8c67b604e4d",
                "sha256:8c622a5fe39a48f78944a87d4fb8a53ee07344641b0562c540d840748571b811",
                "sha256:8d756e44e94489e49571086ef83b2bb8ce311e730092d2c34ca8f7d925cb20aa",
                "sha256:8f4a014bc36d3c57402e2977dada34f9c12300af536839dc38c0beab8878f38a",
                "sha256:9063e24fdb1e498ab71cb7419e24622516c4a04476b17a2dab57e8baa30d6e03",
                "sha256:90d558489962fd4918143277a773316e56c72da56ec7aa3dc3dbbe20fdfed15b",
                "sha256:923c0c831b7cfcb071580d3f46c4baf50f174be571576556269530f4bbd79d04",
                "sha256:95f2a5796329323b8f0512e09dbb7a1860c46a39da62ecb2324f116fa8fdc85c",
                "sha256:96b02a3dc4381e5494fad39be677abcb5e6634bf7b4fa83a6dd3112607547001",
                "sha256:9f96df6923e21816da7e0ad3fd47dd8f94b2a5ce594e00677c0013018b813458",
                "sha256:a10af20b82360ab00827f916a6058451b723b4e65030c5a18577c8b2de5b3389",
                "sha256:a50aebfa173e157099939b17f18600f72f84eed3049e743b68ad15bd69b6bf99",
                "sha256:a981a536974bbc7a512cf44ed14938cf01030a99e9b3a06dd59578882f06f985",
                "sha256:a9a8e9031d613fd2009c182b69c7b2c1ef8239a0efb1df3f7c8da66d5dd3d537",
                "sha256:ae5f4161f18c61806f411a13b0310bea87f987c7d2ecdbdaad0e94eb2e404238",
                "sha256:aed38f6e4fb3f5d6bf81bfa990a07806be9d83cf7bacef998ab1a9bd660a581f",
                "sha256:b01b88d45a6fcb69667cd6d2f7a9aeb4bf53760d7fc536bf679ec94fe9f3ff3d",
                "sha256:b261ccdec7821281dade748d088bb6e9b69e6d15b30652b74cbbac25e280b796",
                "sha256:b2b0a0c0517616b6869869f8c581d4eb2dd83a4d79e0ebcb7d373ef9956aeb0a",
                "sha256:b4a23f61ce87adf89be746c8a8974fe1c823c891d8f86eb218bb957c924bb143",
                "sha256:bd8f7df7d12c2db9fab40bdd87a7c09b1530128315d047a086fa3ae3435cb3a8",
                "sha256:beb58fe5cdb101e3a055192ac291b7a21e3b7ef4f67fa1d74e331a7f2124341c",
                "sha256:c002b4ffc0be611f0d9da932eb0f704fe2602a9a949d1f738e4c34c75b0863d5",
                "sha256:c083af607d2515612056a31f0a8d9e0fcb5876b7bfc0abad3ecd275bc4ebc2d5",
                "sha256:c180f51afb394e165eafe4ac2936a14bee3eb10debc9d9e4db8958fe36afe711",
                "sha256:c235ebd9baae02f1b77bcea61bce332cb4331dc3617d254df3323aa01ab47bd4",
                "sha256:cd70574b12bb8a4d2aaa0094515df2463cb429d8536cfb6c7ce983246983e5a6",
                "sha256:d0eccceffcb53201b5bfebb52600a5fb483a20b61da9dbc885f8b103cbe7598c",
                "sha256:d965bba47ddeec8cd560687584e88cf699fd28f192ceb452d1d7ee807c5597b7",
                "sha256:db364eca23f876da6f9e16c9da0df51aa4f104a972735574842618b8c6d999d4",
                "sha256:ddbb2551d7e0102e7252db79ba445cdab71b26640817ab1e3e3648dad515003b",
                "sha256:deb6be0ac38ece9ba87dea880e438f25ca3eddfac8b002a2ec3d9183a454e8ae",
                "sha256:e06ed3eb3218bc64786f7db41917d4e686cc4856944f53d5bdf83a6884432e12",
                "sha256:e27ad930a842b4c5eb8ac0016b0a54f5aebbe679340c26101df33424142c143c",
                "sha256:e537484df0d8f426ce2afb2d0f8e1c3d0b114b83f8850e5f2fbea0e797bd82ae",
                "sha256:eb00ed941194665c332bf8e078baf037d6c35d7c4f3102ea2d4f16ca94a26dc8",
                "sha256:eb6904c354526e758fda7167b33005998fb68c46fbc10e013ca97f21ca5c8887",
                "sha256:eb8821e09e916165e160797a6c17edda0679379a4be5c716c260e836e122f54b",
                "sha256:efcb3f6676480691518c177e3b465bcddf57cea040302f9f4e6e191af91174d4",
                "sha256:f27273b60488abe721a075bcca6d7f3964f9f6f067c8c4c605743023d7d3944f",
                "sha256:f30c3cb33b24454a82faecaf01b19c18562b1e89558fb6c56de4d9118a032fd5",
                "sha256:fb69256e180cb6c8a894fee62b3afebae785babc1ee98b81cdf68bbca1987f33",
                "sha256:fd1abc0d89e30cc4e02e4064dc67fcc51bd941eb395c502aac3ec19fab46b519",
                "sha256:ff8fa367d09b717b2a17a052544193ad76cd49979c805768879cb63d9ca50561"
            ],
            "markers": "python_full_version >= '3.7.0'",
            "version": "==3.3.2"
        },
        "click": {
            "hashes": [
                "sha256:ae74fb96c20a0277a1d615f1e4d73c8414f5a98db8b799a7931d1582f3390c28",
                "sha256:ca9853ad459e787e2192211578cc907e7594e294c7ccc834310722b41b9ca6de"
            ],
            "markers": "python_version >= '3.7'",
            "version": "==8.1.7"
        },
        "colorama": {
            "hashes": [
                "sha256:08695f5cb7ed6e0531a20572697297273c47b8cae5a63ffc6d6ed5c201be6e44",
                "sha256:4f1d9991f5acc0ca119f9d443620b77f9d6b33703e51011c16baf57afb285fc6"
            ],
            "markers": "platform_system == 'Windows'",
            "version": "==0.4.6"
        },
        "darkdetect": {
            "hashes": [
                "sha256:a7509ccf517eaad92b31c214f593dbcf138ea8a43b2935406bbd565e15527a85",
                "sha256:b5428e1170263eb5dea44c25dc3895edd75e6f52300986353cd63533fe7df8b1"
            ],
            "markers": "python_version >= '3.6'",
            "version": "==0.8.0"
        },
        "dbutils": {
            "hashes": [
                "sha256:8e48565b12ad2b4b1f214de0294deeb4b28578f5b2abb40d68c2924b64d7e007",
                "sha256:fc162b564263354d99c585ba22ae5f094283dcfa1032f7e07e5f01815b976f1c"
            ],
            "index": "pypi",
            "version": "==3.0.3"
        },
        "idna": {
            "hashes": [
                "sha256:814f528e8dead7d329833b91c5faa87d60bf71824cd12a7530b5526063d02cb4",
                "sha256:90b77e79eaa3eba6de819a0c442c0b4ceefc341a7a2ab77d7562bf49f425c5c2"
            ],
            "markers": "python_version >= '3.5'",
            "version": "==3.4"
        },
        "packaging": {
            "hashes": [
                "sha256:048fb0e9405036518eaaf48a55953c750c11e1a1b68e0dd1a9d62ed0c092cfc5",
                "sha256:8c491190033a9af7e1d931d0b5dacc2ef47509b34dd0de67ed209b5203fc88c7"
            ],
            "markers": "python_version >= '3.7'",
            "version": "==23.2"
        },
        "pefile": {
            "hashes": [
                "sha256:82e6114004b3d6911c77c3953e3838654b04511b8b66e8583db70c65998017dc",
                "sha256:da185cd2af68c08a6cd4481f7325ed600a88f6a813bad9dea07ab3ef73d8d8d6"
            ],
            "markers": "sys_platform == 'win32'",
            "version": "==2023.2.7"
        },
        "pyinstaller": {
            "hashes": [
                "sha256:104430686149b2f1c135b2c17aa2967c85d54ef77dc92feb4e179ec846c0c467",
                "sha256:1ce77043929bf525be38289d78feecde0fcf15506215eda6500176a8715c5047",
                "sha256:29d164394f1e949072f78a64c1e040f1c47b7f4aff08514c7666a031c8b44996",
                "sha256:3b586196277c4c54b69880650984c39c28bb6258c2b4b64200032e6ac69d53a0",
                "sha256:8ec9d6c98972bb922cedb16a6638257aa66e5deadd79e2953f3464696237c413",
                "sha256:a1adbd3cf25dc90926d783eae0f444d65cdfecc7bcdf6da522c3ae3ff47b4c25",
                "sha256:ba602a38d7403de89c38b8956b221ce6de0280730d269bab522492fcad82ee33",
                "sha256:d0c87b605bf13c3a04dfaa1d2fa7cd36765b8137000eeadccba865e1d6a19bf0",
                "sha256:e5561e9a9b946d835c8dbc11ae4c16cc21e62bc77d10cc043406dc2992dfb4c6",
                "sha256:e87fd60292b53bb9965cb5a84122875469a2bd475fd0d0db0052a3f1be351f75",
                "sha256:ebac06d99b80d2035594c3cc2fb5f2612d86289edd0510dbcbeb20a873f51d5a",
                "sha256:fcfabc0ff1d38a4262c051dea3fdc1f7f106405c1f1b491b4c79cd28df19cab6"
            ],
            "index": "pypi",
            "version": "==6.2.0"
        },
        "pyinstaller-hooks-contrib": {
            "hashes": [
                "sha256:4b4a998036abb713774cb26534ca06b7e6e09e4c628196017a10deb11a48747f",
                "sha256:6dc1786a8f452941245d5bb85893e2a33632ebdcbc4c23eea41f2ee08281b0c0"
            ],
            "markers": "python_version >= '3.7'",
            "version": "==2023.10"
        },
        "pyqt-fluent-widgets": {
            "hashes": [
                "sha256:994c75e7a15a29d5601336d18ae7a2aaff24ff28c53b8e6acf9b664ab7183509",
                "sha256:ea3f4d928dcdf9f2857dc7aa769ad9015be52b0ede1528ac24ccd270c702407c"
            ],
            "index": "pypi-775",
            "version": "==1.3.8"
        },
        "pyqt5": {
            "hashes": [
                "sha256:883ba5c8a348be78c8be6a3d3ba014c798e679503bce00d76c666c2dc6afe828",
                "sha256:dc41e8401a90dc3e2b692b411bd5492ab559ae27a27424eed4bd3915564ec4c0",
                "sha256:dd5ce10e79fbf1df29507d2daf99270f2057cdd25e4de6fbf2052b46c652e3a5",
                "sha256:e030d795df4cbbfcf4f38b18e2e119bcc9e177ef658a5094b87bb16cac0ce4c5",
                "sha256:e45c5cc15d4fd26ab5cb0e5cdba60691a3e9086411f8e3662db07a5a4222a696"
            ],
            "index": "pypi",
            "version": "==5.15.9"
        },
        "pyqt5-frameless-window": {
            "hashes": [
                "sha256:17be6e41c42e273374b6ef659b628aac10906aecc6993ebdc2511f679bf145df",
                "sha256:cfe0fc42bcbafec89d96b56f6b1d822c5e59c907629a7e1050d04fdf3ce10ee7"
            ],
            "version": "==0.3.7"
        },
        "pyqt5-plugins": {
            "hashes": [
                "sha256:078b1564a54c1549e40a87c32deb9cf9e77d72f004cd0f5f42a2acfd4d6aea36",
                "sha256:1d9acf423062c6694a5e68782fb54ce90355481d33281c9193da45c43426853c",
                "sha256:3e7ba7995e71ba06d536c8a36168ae03199a3983a727d627000f170d6e3a29f4",
                "sha256:798b9f7d212972ac3940425d0cfe3a90669520b29b113da9d63a0996b7e121f4",
                "sha256:808f5456f205520af3a1e48cd935a81e7a3c032d069a6436a07ec276e486f4dd",
                "sha256:a1abd0aaaf4bb1c0d35ed33eba9707f2212a235f45bf9bd103e65d60147d8865",
                "sha256:a818862de6a19965fca26174d462097829f523e177025e96c415e0389d212616",
                "sha256:ad82f31bfd6c7039909980628fcbcc7e843013dbdfcf3674f1ffaf53f90b71cc",
                "sha256:b26d7af31c0e42705a4c24fdffb29f069e3bf089f1f7b3927aff9f4adfa75b72",
                "sha256:b3e747cd3be0885b12e8bde32234df0ee082dfc9607751ce81fb2aa694462048",
                "sha256:b3f2c1598a171c36bcc78f68d58370e6876afacdda66e0c1e2c1ce861907a7c9",
                "sha256:b4225d531773c3c69814a05877651b29d639f1887f25b8b19dcc0e160427582a",
                "sha256:b862c340b13cf782f77778cc9c5e28ceeb7ecbf9da0c7410b5c55050a59efe59",
                "sha256:bacaae333802856871e24045f121967f73e2b5f95a55b633f76b78c6a87e034c",
                "sha256:c883469f6d17859c8991d44d72fff6b2b9e3fa18b371c86ff002afb5e790f9c6",
                "sha256:d50304b6ffa684c08bc717db55e9cfe834937fc312888a7a64cd31fac27b0067",
                "sha256:e0715d4149701fac3ad3b6777a272edab7ca375524d4c3742b3a6c11d46b2d35",
                "sha256:e4670917c36b039b6d195af177afa369f603aa00376890fd540c955ec56c9284",
                "sha256:ed24621fbfc20964899ea5b4d1339e765847be532cedc2f195a0adb6cd2b2447",
                "sha256:f48754c09ed46a0b6305109c0c19ed7cd8b13925ba81ef2df2e8a870437b3aa7"
            ],
            "markers": "python_version >= '3.7'",
            "version": "==5.15.9.2.3"
        },
        "pyqt5-qt5": {
            "hashes": [
                "sha256:1988f364ec8caf87a6ee5d5a3a5210d57539988bf8e84714c7d60972692e2f4a",
                "sha256:750b78e4dba6bdf1607febedc08738e318ea09e9b10aea9ff0d73073f11f6962",
                "sha256:76980cd3d7ae87e3c7a33bfebfaee84448fd650bad6840471d6cae199b56e154",
                "sha256:9cc7a768b1921f4b982ebc00a318ccb38578e44e45316c7a4a850e953e1dd327"
            ],
            "version": "==5.15.2"
        },
        "pyqt5-sip": {
            "hashes": [
                "sha256:0f85fb633a522f04e48008de49dce1ff1d947011b48885b8428838973fbca412",
                "sha256:108a15f603e1886988c4b0d9d41cb74c9f9815bf05cefc843d559e8c298a10ce",
                "sha256:1c8371682f77852256f1f2d38c41e2e684029f43330f0635870895ab01c02f6c",
                "sha256:205cd449d08a2b024a468fb6100cd7ed03e946b4f49706f508944006f955ae1a",
                "sha256:29fa9cc964517c9fc3f94f072b9a2aeef4e7a2eda1879cb835d9e06971161cdf",
                "sha256:3188a06956aef86f604fb0d14421a110fad70d2a9e943dbacbfc3303f651dade",
                "sha256:3a4498f3b1b15f43f5d12963accdce0fd652b0bcaae6baf8008663365827444c",
                "sha256:5338773bbaedaa4f16a73c142fb23cc18c327be6c338813af70260b756c7bc92",
                "sha256:6e4ac714252370ca037c7d609da92388057165edd4f94e63354f6d65c3ed9d53",
                "sha256:773731b1b5ab1a7cf5621249f2379c95e3d2905e9bd96ff3611b119586daa876",
                "sha256:7f321daf84b9c9dbca61b80e1ef37bdaffc0e93312edae2cd7da25b953971d91",
                "sha256:7fe3375b508c5bc657d73b9896bba8a768791f1f426c68053311b046bcebdddf",
                "sha256:96414c93f3d33963887cf562d50d88b955121fbfd73f937c8eca46643e77bf61",
                "sha256:9a8cdd6cb66adcbe5c941723ed1544eba05cf19b6c961851b58ccdae1c894afb",
                "sha256:9b984c2620a7a7eaf049221b09ae50a345317add2624c706c7d2e9e6632a9587",
                "sha256:a7e3623b2c743753625c4650ec7696362a37fb36433b61824cf257f6d3d43cca",
                "sha256:bbc7cd498bf19e0862097be1ad2243e824dea56726f00c11cff1b547c2d31d01",
                "sha256:d5032da3fff62da055104926ffe76fd6044c1221f8ad35bb60804bcb422fe866",
                "sha256:db228cd737f5cbfc66a3c3e50042140cb80b30b52edc5756dbbaa2346ec73137",
                "sha256:ec60162e034c42fb99859206d62b83b74f987d58937b3a82bdc07b5c3d190dec",
                "sha256:fb4a5271fa3f6bc2feb303269a837a95a6d8dd16be553aa40e530de7fb81bfdf"
            ],
            "markers": "python_version >= '3.7'",
            "version": "==12.13.0"
        },
        "pyqt5-tools": {
            "hashes": [
                "sha256:4b45b26111c583a34fa364b98d7120f5aeca4f96ac72e251f1b37a9cca809f86"
            ],
            "index": "pypi",
            "version": "==5.15.9.3.3"
        },
        "python-dotenv": {
            "hashes": [
                "sha256:a8df96034aae6d2d50a4ebe8216326c61c3eb64836776504fcca410e5937a3ba",
                "sha256:f5971a9226b701070a4bf2c38c89e5a3f0d64de8debda981d1db98583009122a"
            ],
            "markers": "python_version >= '3.8'",
            "version": "==1.0.0"
        },
        "pywin32": {
            "hashes": [
                "sha256:06d3420a5155ba65f0b72f2699b5bacf3109f36acbe8923765c22938a69dfc8d",
                "sha256:1c73ea9a0d2283d889001998059f5eaaba3b6238f767c9cf2833b13e6a685f65",
                "sha256:37257794c1ad39ee9be652da0462dc2e394c8159dfd913a8a4e8eb6fd346da0e",
                "sha256:383229d515657f4e3ed1343da8be101000562bf514591ff383ae940cad65458b",
                "sha256:39b61c15272833b5c329a2989999dcae836b1eed650252ab1b7bfbe1d59f30f4",
                "sha256:5821ec52f6d321aa59e2db7e0a35b997de60c201943557d108af9d4ae1ec7040",
                "sha256:70dba0c913d19f942a2db25217d9a1b726c278f483a919f1abfed79c9cf64d3a",
                "sha256:72c5f621542d7bdd4fdb716227be0dd3f8565c11b280be6315b06ace35487d36",
                "sha256:84f4471dbca1887ea3803d8848a1616429ac94a4a8d05f4bc9c5dcfd42ca99c8",
                "sha256:a7639f51c184c0272e93f244eb24dafca9b1855707d94c192d4a0b4c01e1100e",
                "sha256:e25fd5b485b55ac9c057f67d94bc203f3f6595078d1fb3b458c9c28b7153a802",
                "sha256:e4c092e2589b5cf0d365849e73e02c391c1349958c5ac3e9d5ccb9a28e017b3a",
                "sha256:e65028133d15b64d2ed8f06dd9fbc268352478d4f9289e69c190ecd6818b6407",
                "sha256:e8ac1ae3601bee6ca9f7cb4b5363bf1c0badb935ef243c4733ff9a393b1690c0"
            ],
            "markers": "platform_system == 'Windows'",
            "version": "==306"
        },
        "pywin32-ctypes": {
            "hashes": [
                "sha256:3426e063bdd5fd4df74a14fa3cf80a0b42845a87e1d1e81f6549f9daec593a60",
                "sha256:bf490a1a709baf35d688fe0ecf980ed4de11d2b3e37b51e5442587a75d9957e7"
            ],
            "markers": "sys_platform == 'win32'",
            "version": "==0.2.2"
        },
        "qt5-applications": {
            "hashes": [
                "sha256:45395074b742ca6765990d3645d5e24a59415c1d968c40c6a3443da22c621ba8",
                "sha256:5156cc710ed3942f736ec2c46889f73d829fcd4093bed8dbddf2fd83929fdf0b",
                "sha256:8d4ebdd955653f693edac4697f80e016270efcf861ebb1b8b7e238fd6faba5f5",
                "sha256:9ac537caf18fc339149391f58e6716c472296df4431d68e76670e75a14238de0"
            ],
            "markers": "python_version >= '3.7'",
            "version": "==5.15.2.2.3"
        },
        "qt5-tools": {
            "hashes": [
                "sha256:3e73b7aa3cd03abba6e703aa1d21a5934eff42a068292500a1f02c9bc6da95cb"
            ],
            "markers": "python_version >= '3.7'",
            "version": "==5.15.2.1.3"
        },
        "requests": {
            "hashes": [
                "sha256:58cd2187c01e70e6e26505bca751777aa9f2ee0b7f4300988b709f44e013003f",
                "sha256:942c5a758f98d790eaed1a29cb6eefc7ffb0d1cf7af05c3d2791656dbd6ad1e1"
            ],
            "index": "pypi",
            "version": "==2.31.0"
        },
        "setuptools": {
            "hashes": [
                "sha256:1e8fdff6797d3865f37397be788a4e3cba233608e9b509382a2777d25ebde7f2",
                "sha256:735896e78a4742605974de002ac60562d286fa8051a7e2299445e8e8fbb01aa6"
            ],
            "markers": "python_version >= '3.8'",
            "version": "==69.0.2"
        },
        "urllib3": {
            "hashes": [
                "sha256:55901e917a5896a349ff771be919f8bd99aff50b79fe58fec595eb37bbc56bb3",
                "sha256:df7aa8afb0148fa78488e7899b2c59b5f4ffcfa82e6c54ccb9dd37c1d7b52d54"
            ],
            "markers": "python_version >= '3.8'",
            "version": "==2.1.0"
        }
    },
    "develop": {}
}
